
Microsoft Visual Studio Solution File, Format Version 12.00
# Visual Studio Version 16
VisualStudioVersion = 16.0.30225.117
MinimumVisualStudioVersion = 10.0.40219.1
Project("{FAE04EC0-301F-11D3-BF4B-00C04F79EFBC}") = "ServiceExample", "ServiceExample.csproj", "{402065C9-314D-4939-84F1-DB47BBCDAF2E}"
EndProject
Global
	GlobalSection(SolutionConfigurationPlatforms) = preSolution
		Debug|Any CPU = Debug|Any CPU
		Release|Any CPU = Release|Any CPU
	EndGlobalSection
	GlobalSection(ProjectConfigurationPlatforms) = postSolution
		{402065C9-314D-4939-84F1-DB47BBCDAF2E}.Debug|Any CPU.ActiveCfg = Debug|Any CPU
		{402065C9-314D-4939-84F1-DB47BBCDAF2E}.Debug|Any CPU.Build.0 = Debug|Any CPU
		{402065C9-314D-4939-84F1-DB47BBCDAF2E}.Release|Any CPU.ActiveCfg = Release|Any CPU
		{402065C9-314D-4939-84F1-DB47BBCDAF2E}.Release|Any CPU.Build.0 = Release|Any CPU
	EndGlobalSection
	GlobalSection(SolutionProperties) = preSolution
		HideSolutionNode = FALSE
	EndGlobalSection
	GlobalSection(ExtensibilityGlobals) = postSolution
		SolutionGuid = {2B4ACCF9-1765-4A34-AFF8-5DC20DCE32E4}
	EndGlobalSection
EndGlobal
